{
  "name": "myFirstProject",
  "version": "1.0.0",
  "lockfileVersion": 1,
  "requires": true,
  "dependencies": {
    "@openui5/sap.m": {
      "version": "1.81.2",
      "resolved": "https://registry.npmjs.org/@openui5/sap.m/-/sap.m-1.81.2.tgz",
      "integrity": "sha512-5nmT3aiCuwzqPvbHOOn9Wl5lwo4lSBPhsZhlzvKXsgitcS1fnnxq6uJrpkDhqdD3wGyfqiX+4LdRzoU9BNtx4A==",
      "requires": {
        "@openui5/sap.ui.core": "1.81.2",
        "@openui5/sap.ui.layout": "1.81.2",
        "@openui5/sap.ui.unified": "1.81.2"
      }
    },
    "@openui5/sap.ui.core": {
      "version": "1.81.2",
      "resolved": "https://registry.npmjs.org/@openui5/sap.ui.core/-/sap.ui.core-1.81.2.tgz",
      "integrity": "sha512-yzfiG+vr/gdz/d0jVIMZUO7Zy6k7s3TG1q7+7h5RjhEW5mhAkEUAKmyGcRqxcKXxzFNXDWDpGuT5x78dUOKQwA=="
    },
    "@openui5/sap.ui.layout": {
      "version": "1.81.2",
      "resolved": "https://registry.npmjs.org/@openui5/sap.ui.layout/-/sap.ui.layout-1.81.2.tgz",
      "integrity": "sha512-Zdav1I1jt5XcAFc2T50OAas20NJZpkbtMrSy494z94ilIpz/+lxdscQhJ7GKArwb8/EGdwkHoARlOF67vcKjRQ==",
      "requires": {
        "@openui5/sap.ui.core": "1.81.2"
      }
    },
    "@openui5/sap.ui.unified": {
      "version": "1.81.2",
      "resolved": "https://registry.npmjs.org/@openui5/sap.ui.unified/-/sap.ui.unified-1.81.2.tgz",
      "integrity": "sha512-+LGBWNzSdI7VLWGs8brzhywfqmv3U748/3EWlQp2vKCbgaa7csVWGdBPGiqZFrXwVxv3z9peMY8NBMQDaKJnWw==",
      "requires": {
        "@openui5/sap.ui.core": "1.81.2"
      }
    },
    "@openui5/themelib_sap_fiori_3": {
      "version": "1.81.2",
      "resolved": "https://registry.npmjs.org/@openui5/themelib_sap_fiori_3/-/themelib_sap_fiori_3-1.81.2.tgz",
      "integrity": "sha512-2e/MzzOdMmsa7dFI8PDSZAnvOsrnZwHDzhw+LYYshtAQ3HIB97rLvgINi+X18mNUErZuIrb7d5JDu/pFWuj4ew=="
    },
    "cors-anywhere": {
      "version": "0.4.3",
      "resolved": "https://registry.npmjs.org/cors-anywhere/-/cors-anywhere-0.4.3.tgz",
      "integrity": "sha512-x+pmjGZsoWrPMPbHdga8yVYYys0aaDLezP+V3uOX3GLqWlCMRmcFyXqrdmi/DP5SN6f5mxtUtAmzHO4u3DohSg==",
      "dev": true,
      "requires": {
        "http-proxy": "1.11.1",
        "proxy-from-env": "0.0.1"
      }
    },
    "eventemitter3": {
      "version": "1.2.0",
      "resolved": "https://registry.npmjs.org/eventemitter3/-/eventemitter3-1.2.0.tgz",
      "integrity": "sha1-HIaZHYFq0eUEdQ5zh0Ik7PO+xQg=",
      "dev": true
    },
    "http-proxy": {
      "version": "1.11.1",
      "resolved": "https://registry.npmjs.org/http-proxy/-/http-proxy-1.11.1.tgz",
      "integrity": "sha1-cd9VdX6ALVjqgQ3yJEAZ3aBa6F0=",
      "dev": true,
      "requires": {
        "eventemitter3": "1.x.x",
        "requires-port": "0.x.x"
      }
    },
    "proxy-from-env": {
      "version": "0.0.1",
      "resolved": "https://registry.npmjs.org/proxy-from-env/-/proxy-from-env-0.0.1.tgz",
      "integrity": "sha1-snxJRunm1dutt1mKZDXTAUxM/Uk=",
      "dev": true
    },
    "requires-port": {
      "version": "0.0.1",
      "resolved": "https://registry.npmjs.org/requires-port/-/requires-port-0.0.1.tgz",
      "integrity": "sha1-S0QUQR2d98hVmV3YmajHiilRwW0=",
      "dev": true
    }
  }
}
